// !$*UTF8*$!
{
	archiveVersion = 1;
	classes = {
	};
	objectVersion = 51;
	objects = {

/* Begin PBXBuildFile section */
		1125D91F25AC44B100D99F45 /* UICollectionView+Reusable.swift in Sources */ = {isa = PBXBuildFile; fileRef = 1125D91E25AC44B100D99F45 /* UICollectionView+Reusable.swift */; };
		1125D92625AC7D3900D99F45 /* GIFListViewSection.swift in Sources */ = {isa = PBXBuildFile; fileRef = 1125D92525AC7D3900D99F45 /* GIFListViewSection.swift */; };
		11480C2F25BB10A800DFDACA /* UIView+SafeArea.swift in Sources */ = {isa = PBXBuildFile; fileRef = 11480C2E25BB10A800DFDACA /* UIView+SafeArea.swift */; };
		11480C3525BB111800DFDACA /* UIView+Image.swift in Sources */ = {isa = PBXBuildFile; fileRef = 11480C3425BB111800DFDACA /* UIView+Image.swift */; };
		1160AE8B25B8606A000EF0C7 /* DetailViewController.swift in Sources */ = {isa = PBXBuildFile; fileRef = 1160AE8A25B8606A000EF0C7 /* DetailViewController.swift */; };
		1160AEAD25B860A5000EF0C7 /* DetailViewReactor.swift in Sources */ = {isa = PBXBuildFile; fileRef = 1160AEAC25B860A5000EF0C7 /* DetailViewReactor.swift */; };
		1160AEB325B865D4000EF0C7 /* UINavigationController+Rx.swift in Sources */ = {isa = PBXBuildFile; fileRef = 1160AEB225B865D4000EF0C7 /* UINavigationController+Rx.swift */; };
		1178DA0C25A9ECF60015DAE6 /* BaseViewController.swift in Sources */ = {isa = PBXBuildFile; fileRef = 1178DA0B25A9ECF60015DAE6 /* BaseViewController.swift */; };
		1178DA4425A9EF5D0015DAE6 /* ServiceDependency.swift in Sources */ = {isa = PBXBuildFile; fileRef = 1178DA4325A9EF5D0015DAE6 /* ServiceDependency.swift */; };
		1178DA4E25A9EFBE0015DAE6 /* ViewReactorDependency.swift in Sources */ = {isa = PBXBuildFile; fileRef = 1178DA4D25A9EFBE0015DAE6 /* ViewReactorDependency.swift */; };
		1178DA5425A9F03C0015DAE6 /* DependencyRoot.swift in Sources */ = {isa = PBXBuildFile; fileRef = 1178DA5325A9F03C0015DAE6 /* DependencyRoot.swift */; };
		1178DA5A25AABDEF0015DAE6 /* NetworkingDependency.swift in Sources */ = {isa = PBXBuildFile; fileRef = 1178DA5925AABDEF0015DAE6 /* NetworkingDependency.swift */; };
		1178DB2125AACD540015DAE6 /* Networking.swift in Sources */ = {isa = PBXBuildFile; fileRef = 1178DB2025AACD540015DAE6 /* Networking.swift */; };
		1178DB3B25AACE690015DAE6 /* Consts.swift in Sources */ = {isa = PBXBuildFile; fileRef = 1178DB3A25AACE690015DAE6 /* Consts.swift */; };
		1178DB3F25AACF490015DAE6 /* ResponseBody.swift in Sources */ = {isa = PBXBuildFile; fileRef = 1178DB3E25AACF490015DAE6 /* ResponseBody.swift */; };
		1178DB4325AACFA60015DAE6 /* Pagination.swift in Sources */ = {isa = PBXBuildFile; fileRef = 1178DB4225AACFA60015DAE6 /* Pagination.swift */; };
		1178DB4725AACFE40015DAE6 /* Meta.swift in Sources */ = {isa = PBXBuildFile; fileRef = 1178DB4625AACFE40015DAE6 /* Meta.swift */; };
		1178DB4B25AAD1240015DAE6 /* ClientError.swift in Sources */ = {isa = PBXBuildFile; fileRef = 1178DB4A25AAD1240015DAE6 /* ClientError.swift */; };
		1178DB5B25AAD7C40015DAE6 /* Server.swift in Sources */ = {isa = PBXBuildFile; fileRef = 1178DB5A25AAD7C40015DAE6 /* Server.swift */; };
		1178DB6025AAD8F90015DAE6 /* GIFs.swift in Sources */ = {isa = PBXBuildFile; fileRef = 1178DB5F25AAD8F90015DAE6 /* GIFs.swift */; };
		1178DB7225AADA7F0015DAE6 /* APIKeyPlugin.swift in Sources */ = {isa = PBXBuildFile; fileRef = 1178DB7125AADA7F0015DAE6 /* APIKeyPlugin.swift */; };
		119BAEB325B57FFF005A85C5 /* DynamicKey.swift in Sources */ = {isa = PBXBuildFile; fileRef = 119BAEB225B57FFF005A85C5 /* DynamicKey.swift */; };
		119BAEBA25B59730005A85C5 /* PlayerView.swift in Sources */ = {isa = PBXBuildFile; fileRef = 119BAEB925B59730005A85C5 /* PlayerView.swift */; };
		119BAEC025B59FB3005A85C5 /* UIScrollView+Rx.swift in Sources */ = {isa = PBXBuildFile; fileRef = 119BAEBF25B59FB3005A85C5 /* UIScrollView+Rx.swift */; };
		11AFDBED25A9D93C00727775 /* AppDelegate.swift in Sources */ = {isa = PBXBuildFile; fileRef = 11AFDBEC25A9D93C00727775 /* AppDelegate.swift */; };
		11AFDBEF25A9D93C00727775 /* SceneDelegate.swift in Sources */ = {isa = PBXBuildFile; fileRef = 11AFDBEE25A9D93C00727775 /* SceneDelegate.swift */; };
		11AFDBF125A9D93C00727775 /* HomeViewController.swift in Sources */ = {isa = PBXBuildFile; fileRef = 11AFDBF025A9D93C00727775 /* HomeViewController.swift */; };
		11AFDBF625A9D93E00727775 /* Assets.xcassets in Resources */ = {isa = PBXBuildFile; fileRef = 11AFDBF525A9D93E00727775 /* Assets.xcassets */; };
		11AFDBF925A9D93E00727775 /* LaunchScreen.storyboard in Resources */ = {isa = PBXBuildFile; fileRef = 11AFDBF725A9D93E00727775 /* LaunchScreen.storyboard */; };
		11BE1E0F25B678BB007CA655 /* ColorSets.xcassets in Resources */ = {isa = PBXBuildFile; fileRef = 11BE1E0E25B678BB007CA655 /* ColorSets.xcassets */; };
		11BE1E1325B67941007CA655 /* UIColor+Hex.swift in Sources */ = {isa = PBXBuildFile; fileRef = 11BE1E1225B67941007CA655 /* UIColor+Hex.swift */; };
		11BE1E1725B6797F007CA655 /* RandomColor.swift in Sources */ = {isa = PBXBuildFile; fileRef = 11BE1E1625B6797F007CA655 /* RandomColor.swift */; };
		11BE1E1E25B7072C007CA655 /* HomeViewControllerSpec.swift in Sources */ = {isa = PBXBuildFile; fileRef = 11BE1E1D25B7072C007CA655 /* HomeViewControllerSpec.swift */; };
		11DBEA3625AB3AC3006215D3 /* GIFsService.swift in Sources */ = {isa = PBXBuildFile; fileRef = 11DBEA3525AB3AC3006215D3 /* GIFsService.swift */; };
		11DBEA3C25AB3C80006215D3 /* GIF.swift in Sources */ = {isa = PBXBuildFile; fileRef = 11DBEA3B25AB3C80006215D3 /* GIF.swift */; };
		11DBEA4025AB3DF7006215D3 /* User.swift in Sources */ = {isa = PBXBuildFile; fileRef = 11DBEA3F25AB3DF7006215D3 /* User.swift */; };
		11DBEA4825AC2365006215D3 /* List.swift in Sources */ = {isa = PBXBuildFile; fileRef = 11DBEA4725AC2365006215D3 /* List.swift */; };
		11DBEA8825AC268B006215D3 /* HomeViewReactor.swift in Sources */ = {isa = PBXBuildFile; fileRef = 11DBEA8725AC268B006215D3 /* HomeViewReactor.swift */; };
		11DBEAC925AC4233006215D3 /* Reusable.swift in Sources */ = {isa = PBXBuildFile; fileRef = 11DBEAC825AC4233006215D3 /* Reusable.swift */; };
		11DBEAD025AC42EB006215D3 /* GIFItemCell.swift in Sources */ = {isa = PBXBuildFile; fileRef = 11DBEACF25AC42EB006215D3 /* GIFItemCell.swift */; };
		11DBEAD625AC4306006215D3 /* BaseCollectionViewCell.swift in Sources */ = {isa = PBXBuildFile; fileRef = 11DBEAD525AC4306006215D3 /* BaseCollectionViewCell.swift */; };
		11F4DBD725ADD9D40035C7F4 /* WaterfallLayout.swift in Sources */ = {isa = PBXBuildFile; fileRef = 11F4DBD625ADD9D40035C7F4 /* WaterfallLayout.swift */; };
		C7E45E9A46CF7270B631C5D9 /* Pods_Giphy.framework in Frameworks */ = {isa = PBXBuildFile; fileRef = 1C1C4AD7FE2CDEE463572596 /* Pods_Giphy.framework */; };
		FED9E1D120CCD644CBF4DAA5 /* Pods_GiphyTests.framework in Frameworks */ = {isa = PBXBuildFile; fileRef = 617567797E5BDA63B7A5C43D /* Pods_GiphyTests.framework */; };
/* End PBXBuildFile section */

/* Begin PBXContainerItemProxy section */
		11AFDC0025A9D93E00727775 /* PBXContainerItemProxy */ = {
			isa = PBXContainerItemProxy;
			containerPortal = 11AFDBE125A9D93C00727775 /* Project object */;
			proxyType = 1;
			remoteGlobalIDString = 11AFDBE825A9D93C00727775;
			remoteInfo = Giphy;
		};
/* End PBXContainerItemProxy section */

/* Begin PBXFileReference section */
		1125D91E25AC44B100D99F45 /* UICollectionView+Reusable.swift */ = {isa = PBXFileReference; lastKnownFileType = sourcecode.swift; path = "UICollectionView+Reusable.swift"; sourceTree = "<group>"; };
		1125D92525AC7D3900D99F45 /* GIFListViewSection.swift */ = {isa = PBXFileReference; lastKnownFileType = sourcecode.swift; path = GIFListViewSection.swift; sourceTree = "<group>"; };
		11480C2E25BB10A800DFDACA /* UIView+SafeArea.swift */ = {isa = PBXFileReference; lastKnownFileType = sourcecode.swift; path = "UIView+SafeArea.swift"; sourceTree = "<group>"; };
		11480C3425BB111800DFDACA /* UIView+Image.swift */ = {isa = PBXFileReference; lastKnownFileType = sourcecode.swift; path = "UIView+Image.swift"; sourceTree = "<group>"; };
		1160AE8A25B8606A000EF0C7 /* DetailViewController.swift */ = {isa = PBXFileReference; lastKnownFileType = sourcecode.swift; path = DetailViewController.swift; sourceTree = "<group>"; };
		1160AEAC25B860A5000EF0C7 /* DetailViewReactor.swift */ = {isa = PBXFileReference; lastKnownFileType = sourcecode.swift; path = DetailViewReactor.swift; sourceTree = "<group>"; };
		1160AEB225B865D4000EF0C7 /* UINavigationController+Rx.swift */ = {isa = PBXFileReference; lastKnownFileType = sourcecode.swift; path = "UINavigationController+Rx.swift"; sourceTree = "<group>"; };
		1178DA0B25A9ECF60015DAE6 /* BaseViewController.swift */ = {isa = PBXFileReference; lastKnownFileType = sourcecode.swift; path = BaseViewController.swift; sourceTree = "<group>"; };
		1178DA4325A9EF5D0015DAE6 /* ServiceDependency.swift */ = {isa = PBXFileReference; lastKnownFileType = sourcecode.swift; path = ServiceDependency.swift; sourceTree = "<group>"; };
		1178DA4D25A9EFBE0015DAE6 /* ViewReactorDependency.swift */ = {isa = PBXFileReference; lastKnownFileType = sourcecode.swift; path = ViewReactorDependency.swift; sourceTree = "<group>"; };
		1178DA5325A9F03C0015DAE6 /* DependencyRoot.swift */ = {isa = PBXFileReference; lastKnownFileType = sourcecode.swift; path = DependencyRoot.swift; sourceTree = "<group>"; };
		1178DA5925AABDEF0015DAE6 /* NetworkingDependency.swift */ = {isa = PBXFileReference; lastKnownFileType = sourcecode.swift; path = NetworkingDependency.swift; sourceTree = "<group>"; };
		1178DB2025AACD540015DAE6 /* Networking.swift */ = {isa = PBXFileReference; lastKnownFileType = sourcecode.swift; path = Networking.swift; sourceTree = "<group>"; };
		1178DB3A25AACE690015DAE6 /* Consts.swift */ = {isa = PBXFileReference; lastKnownFileType = sourcecode.swift; path = Consts.swift; sourceTree = "<group>"; };
		1178DB3E25AACF490015DAE6 /* ResponseBody.swift */ = {isa = PBXFileReference; lastKnownFileType = sourcecode.swift; path = ResponseBody.swift; sourceTree = "<group>"; };
		1178DB4225AACFA60015DAE6 /* Pagination.swift */ = {isa = PBXFileReference; lastKnownFileType = sourcecode.swift; path = Pagination.swift; sourceTree = "<group>"; };
		1178DB4625AACFE40015DAE6 /* Meta.swift */ = {isa = PBXFileReference; lastKnownFileType = sourcecode.swift; path = Meta.swift; sourceTree = "<group>"; };
		1178DB4A25AAD1240015DAE6 /* ClientError.swift */ = {isa = PBXFileReference; lastKnownFileType = sourcecode.swift; path = ClientError.swift; sourceTree = "<group>"; };
		1178DB5A25AAD7C40015DAE6 /* Server.swift */ = {isa = PBXFileReference; lastKnownFileType = sourcecode.swift; path = Server.swift; sourceTree = "<group>"; };
		1178DB5F25AAD8F90015DAE6 /* GIFs.swift */ = {isa = PBXFileReference; lastKnownFileType = sourcecode.swift; path = GIFs.swift; sourceTree = "<group>"; };
		1178DB7125AADA7F0015DAE6 /* APIKeyPlugin.swift */ = {isa = PBXFileReference; lastKnownFileType = sourcecode.swift; path = APIKeyPlugin.swift; sourceTree = "<group>"; };
		119BAEB225B57FFF005A85C5 /* DynamicKey.swift */ = {isa = PBXFileReference; lastKnownFileType = sourcecode.swift; path = DynamicKey.swift; sourceTree = "<group>"; };
		119BAEB925B59730005A85C5 /* PlayerView.swift */ = {isa = PBXFileReference; lastKnownFileType = sourcecode.swift; path = PlayerView.swift; sourceTree = "<group>"; };
		119BAEBF25B59FB3005A85C5 /* UIScrollView+Rx.swift */ = {isa = PBXFileReference; lastKnownFileType = sourcecode.swift; path = "UIScrollView+Rx.swift"; sourceTree = "<group>"; };
		11AFDBE925A9D93C00727775 /* Giphy.app */ = {isa = PBXFileReference; explicitFileType = wrapper.application; includeInIndex = 0; path = Giphy.app; sourceTree = BUILT_PRODUCTS_DIR; };
		11AFDBEC25A9D93C00727775 /* AppDelegate.swift */ = {isa = PBXFileReference; lastKnownFileType = sourcecode.swift; path = AppDelegate.swift; sourceTree = "<group>"; };
		11AFDBEE25A9D93C00727775 /* SceneDelegate.swift */ = {isa = PBXFileReference; lastKnownFileType = sourcecode.swift; path = SceneDelegate.swift; sourceTree = "<group>"; };
		11AFDBF025A9D93C00727775 /* HomeViewController.swift */ = {isa = PBXFileReference; lastKnownFileType = sourcecode.swift; path = HomeViewController.swift; sourceTree = "<group>"; };
		11AFDBF525A9D93E00727775 /* Assets.xcassets */ = {isa = PBXFileReference; lastKnownFileType = folder.assetcatalog; path = Assets.xcassets; sourceTree = "<group>"; };
		11AFDBF825A9D93E00727775 /* Base */ = {isa = PBXFileReference; lastKnownFileType = file.storyboard; name = Base; path = Base.lproj/LaunchScreen.storyboard; sourceTree = "<group>"; };
		11AFDBFA25A9D93E00727775 /* Info.plist */ = {isa = PBXFileReference; lastKnownFileType = text.plist.xml; path = Info.plist; sourceTree = "<group>"; };
		11AFDBFF25A9D93E00727775 /* GiphyTests.xctest */ = {isa = PBXFileReference; explicitFileType = wrapper.cfbundle; includeInIndex = 0; path = GiphyTests.xctest; sourceTree = BUILT_PRODUCTS_DIR; };
		11AFDC0525A9D93E00727775 /* Info.plist */ = {isa = PBXFileReference; lastKnownFileType = text.plist.xml; path = Info.plist; sourceTree = "<group>"; };
		11BE1E0E25B678BB007CA655 /* ColorSets.xcassets */ = {isa = PBXFileReference; lastKnownFileType = folder.assetcatalog; path = ColorSets.xcassets; sourceTree = "<group>"; };
		11BE1E1225B67941007CA655 /* UIColor+Hex.swift */ = {isa = PBXFileReference; lastKnownFileType = sourcecode.swift; path = "UIColor+Hex.swift"; sourceTree = "<group>"; };
		11BE1E1625B6797F007CA655 /* RandomColor.swift */ = {isa = PBXFileReference; lastKnownFileType = sourcecode.swift; path = RandomColor.swift; sourceTree = "<group>"; };
		11BE1E1D25B7072C007CA655 /* HomeViewControllerSpec.swift */ = {isa = PBXFileReference; lastKnownFileType = sourcecode.swift; path = HomeViewControllerSpec.swift; sourceTree = "<group>"; };
		11DBEA3525AB3AC3006215D3 /* GIFsService.swift */ = {isa = PBXFileReference; lastKnownFileType = sourcecode.swift; path = GIFsService.swift; sourceTree = "<group>"; };
		11DBEA3B25AB3C80006215D3 /* GIF.swift */ = {isa = PBXFileReference; lastKnownFileType = sourcecode.swift; path = GIF.swift; sourceTree = "<group>"; };
		11DBEA3F25AB3DF7006215D3 /* User.swift */ = {isa = PBXFileReference; lastKnownFileType = sourcecode.swift; path = User.swift; sourceTree = "<group>"; };
		11DBEA4725AC2365006215D3 /* List.swift */ = {isa = PBXFileReference; lastKnownFileType = sourcecode.swift; path = List.swift; sourceTree = "<group>"; };
		11DBEA8725AC268B006215D3 /* HomeViewReactor.swift */ = {isa = PBXFileReference; lastKnownFileType = sourcecode.swift; path = HomeViewReactor.swift; sourceTree = "<group>"; };
		11DBEAC825AC4233006215D3 /* Reusable.swift */ = {isa = PBXFileReference; lastKnownFileType = sourcecode.swift; path = Reusable.swift; sourceTree = "<group>"; };
		11DBEACF25AC42EB006215D3 /* GIFItemCell.swift */ = {isa = PBXFileReference; lastKnownFileType = sourcecode.swift; path = GIFItemCell.swift; sourceTree = "<group>"; };
		11DBEAD525AC4306006215D3 /* BaseCollectionViewCell.swift */ = {isa = PBXFileReference; lastKnownFileType = sourcecode.swift; path = BaseCollectionViewCell.swift; sourceTree = "<group>"; };
		11F4DBD625ADD9D40035C7F4 /* WaterfallLayout.swift */ = {isa = PBXFileReference; lastKnownFileType = sourcecode.swift; path = WaterfallLayout.swift; sourceTree = "<group>"; };
		1C1C4AD7FE2CDEE463572596 /* Pods_Giphy.framework */ = {isa = PBXFileReference; explicitFileType = wrapper.framework; includeInIndex = 0; path = Pods_Giphy.framework; sourceTree = BUILT_PRODUCTS_DIR; };
		4F2C9CBA2098E1792CAC2CFC /* Pods-GiphyTests.debug.xcconfig */ = {isa = PBXFileReference; includeInIndex = 1; lastKnownFileType = text.xcconfig; name = "Pods-GiphyTests.debug.xcconfig"; path = "Target Support Files/Pods-GiphyTests/Pods-GiphyTests.debug.xcconfig"; sourceTree = "<group>"; };
		592B9615C1B5880037222D5B /* Pods-Giphy.debug.xcconfig */ = {isa = PBXFileReference; includeInIndex = 1; lastKnownFileType = text.xcconfig; name = "Pods-Giphy.debug.xcconfig"; path = "Target Support Files/Pods-Giphy/Pods-Giphy.debug.xcconfig"; sourceTree = "<group>"; };
		617567797E5BDA63B7A5C43D /* Pods_GiphyTests.framework */ = {isa = PBXFileReference; explicitFileType = wrapper.framework; includeInIndex = 0; path = Pods_GiphyTests.framework; sourceTree = BUILT_PRODUCTS_DIR; };
		73B9B9BAABC577451CC208CB /* Pods-Giphy.release.xcconfig */ = {isa = PBXFileReference; includeInIndex = 1; lastKnownFileType = text.xcconfig; name = "Pods-Giphy.release.xcconfig"; path = "Target Support Files/Pods-Giphy/Pods-Giphy.release.xcconfig"; sourceTree = "<group>"; };
		885ACF9CB9D441F5136E24F7 /* Pods-GiphyTests.release.xcconfig */ = {isa = PBXFileReference; includeInIndex = 1; lastKnownFileType = text.xcconfig; name = "Pods-GiphyTests.release.xcconfig"; path = "Target Support Files/Pods-GiphyTests/Pods-GiphyTests.release.xcconfig"; sourceTree = "<group>"; };
/* End PBXFileReference section */

/* Begin PBXFrameworksBuildPhase section */
		11AFDBE625A9D93C00727775 /* Frameworks */ = {
			isa = PBXFrameworksBuildPhase;
			buildActionMask = 2147483647;
			files = (
				C7E45E9A46CF7270B631C5D9 /* Pods_Giphy.framework in Frameworks */,
			);
			runOnlyForDeploymentPostprocessing = 0;
		};
		11AFDBFC25A9D93E00727775 /* Frameworks */ = {
			isa = PBXFrameworksBuildPhase;
			buildActionMask = 2147483647;
			files = (
				FED9E1D120CCD644CBF4DAA5 /* Pods_GiphyTests.framework in Frameworks */,
			);
			runOnlyForDeploymentPostprocessing = 0;
		};
/* End PBXFrameworksBuildPhase section */

/* Begin PBXGroup section */
		1125D91D25AC449B00D99F45 /* Extensions */ = {
			isa = PBXGroup;
			children = (
				1125D91E25AC44B100D99F45 /* UICollectionView+Reusable.swift */,
				119BAEBF25B59FB3005A85C5 /* UIScrollView+Rx.swift */,
				11BE1E1225B67941007CA655 /* UIColor+Hex.swift */,
				1160AEB225B865D4000EF0C7 /* UINavigationController+Rx.swift */,
				11480C2E25BB10A800DFDACA /* UIView+SafeArea.swift */,
				11480C3425BB111800DFDACA /* UIView+Image.swift */,
			);
			path = Extensions;
			sourceTree = "<group>";
		};
		1125D92425AC7D2000D99F45 /* Sections */ = {
			isa = PBXGroup;
			children = (
				1125D92525AC7D3900D99F45 /* GIFListViewSection.swift */,
			);
			path = Sections;
			sourceTree = "<group>";
		};
		1160AE8925B8605F000EF0C7 /* Detail */ = {
			isa = PBXGroup;
			children = (
				1160AE8A25B8606A000EF0C7 /* DetailViewController.swift */,
				1160AEAC25B860A5000EF0C7 /* DetailViewReactor.swift */,
			);
			path = Detail;
			sourceTree = "<group>";
		};
		1178DA0225A9E23A0015DAE6 /* Views */ = {
			isa = PBXGroup;
			children = (
				119BAEB825B59720005A85C5 /* Customs */,
				11F4DB1325AC86CB0035C7F4 /* Layouts */,
				1125D92425AC7D2000D99F45 /* Sections */,
				11DBEACE25AC42CD006215D3 /* Cells */,
				1178DA0625A9E2CB0015DAE6 /* ViewControllers */,
			);
			path = Views;
			sourceTree = "<group>";
		};
		1178DA0325A9E2400015DAE6 /* Models */ = {
			isa = PBXGroup;
			children = (
				1178DA0525A9E24E0015DAE6 /* Services */,
				1178DA0425A9E2470015DAE6 /* Entities */,
			);
			path = Models;
			sourceTree = "<group>";
		};
		1178DA0425A9E2470015DAE6 /* Entities */ = {
			isa = PBXGroup;
			children = (
				1178DB4225AACFA60015DAE6 /* Pagination.swift */,
				1178DB4625AACFE40015DAE6 /* Meta.swift */,
				11DBEA3B25AB3C80006215D3 /* GIF.swift */,
				11DBEA3F25AB3DF7006215D3 /* User.swift */,
				1178DB3E25AACF490015DAE6 /* ResponseBody.swift */,
				11DBEA4725AC2365006215D3 /* List.swift */,
				119BAEB225B57FFF005A85C5 /* DynamicKey.swift */,
			);
			path = Entities;
			sourceTree = "<group>";
		};
		1178DA0525A9E24E0015DAE6 /* Services */ = {
			isa = PBXGroup;
			children = (
				11DBEA3525AB3AC3006215D3 /* GIFsService.swift */,
			);
			path = Services;
			sourceTree = "<group>";
		};
		1178DA0625A9E2CB0015DAE6 /* ViewControllers */ = {
			isa = PBXGroup;
			children = (
				1160AE8925B8605F000EF0C7 /* Detail */,
				1178DA3F25A9ED860015DAE6 /* Home */,
				1178DA0B25A9ECF60015DAE6 /* BaseViewController.swift */,
			);
			path = ViewControllers;
			sourceTree = "<group>";
		};
		1178DA3F25A9ED860015DAE6 /* Home */ = {
			isa = PBXGroup;
			children = (
				11AFDBF025A9D93C00727775 /* HomeViewController.swift */,
				11DBEA8725AC268B006215D3 /* HomeViewReactor.swift */,
			);
			path = Home;
			sourceTree = "<group>";
		};
		1178DA4225A9EEFF0015DAE6 /* DI */ = {
			isa = PBXGroup;
			children = (
				1178DA9325AAC8B30015DAE6 /* Dependencies */,
				1178DA5325A9F03C0015DAE6 /* DependencyRoot.swift */,
			);
			path = DI;
			sourceTree = "<group>";
		};
		1178DA5D25AABE410015DAE6 /* Networks */ = {
			isa = PBXGroup;
			children = (
				1178DB7025AADA590015DAE6 /* Servers */,
				1178DB6C25AADA470015DAE6 /* Plugins */,
				1178DB5E25AAD8DE0015DAE6 /* Endpoints */,
				1178DB2025AACD540015DAE6 /* Networking.swift */,
			);
			path = Networks;
			sourceTree = "<group>";
		};
		1178DA5E25AABE4F0015DAE6 /* App */ = {
			isa = PBXGroup;
			children = (
				11AFDBEC25A9D93C00727775 /* AppDelegate.swift */,
				11AFDBEE25A9D93C00727775 /* SceneDelegate.swift */,
				1178DB3A25AACE690015DAE6 /* Consts.swift */,
			);
			path = App;
			sourceTree = "<group>";
		};
		1178DA9325AAC8B30015DAE6 /* Dependencies */ = {
			isa = PBXGroup;
			children = (
				1178DA5925AABDEF0015DAE6 /* NetworkingDependency.swift */,
				1178DA4325A9EF5D0015DAE6 /* ServiceDependency.swift */,
				1178DA4D25A9EFBE0015DAE6 /* ViewReactorDependency.swift */,
			);
			path = Dependencies;
			sourceTree = "<group>";
		};
		1178DB5E25AAD8DE0015DAE6 /* Endpoints */ = {
			isa = PBXGroup;
			children = (
				1178DB5F25AAD8F90015DAE6 /* GIFs.swift */,
			);
			path = Endpoints;
			sourceTree = "<group>";
		};
		1178DB6C25AADA470015DAE6 /* Plugins */ = {
			isa = PBXGroup;
			children = (
				1178DB7125AADA7F0015DAE6 /* APIKeyPlugin.swift */,
			);
			path = Plugins;
			sourceTree = "<group>";
		};
		1178DB6F25AADA4F0015DAE6 /* Errors */ = {
			isa = PBXGroup;
			children = (
				1178DB4A25AAD1240015DAE6 /* ClientError.swift */,
			);
			path = Errors;
			sourceTree = "<group>";
		};
		1178DB7025AADA590015DAE6 /* Servers */ = {
			isa = PBXGroup;
			children = (
				1178DB5A25AAD7C40015DAE6 /* Server.swift */,
			);
			path = Servers;
			sourceTree = "<group>";
		};
		119BAEB825B59720005A85C5 /* Customs */ = {
			isa = PBXGroup;
			children = (
				119BAEB925B59730005A85C5 /* PlayerView.swift */,
			);
			path = Customs;
			sourceTree = "<group>";
		};
		11AFDBE025A9D93C00727775 = {
			isa = PBXGroup;
			children = (
				11AFDBEB25A9D93C00727775 /* Giphy */,
				11AFDC0225A9D93E00727775 /* GiphyTests */,
				11AFDBEA25A9D93C00727775 /* Products */,
				1F4E8DF3183C16FCD185FAA3 /* Pods */,
				13F5957619F25A8A59E03263 /* Frameworks */,
			);
			sourceTree = "<group>";
		};
		11AFDBEA25A9D93C00727775 /* Products */ = {
			isa = PBXGroup;
			children = (
				11AFDBE925A9D93C00727775 /* Giphy.app */,
				11AFDBFF25A9D93E00727775 /* GiphyTests.xctest */,
			);
			name = Products;
			sourceTree = "<group>";
		};
		11AFDBEB25A9D93C00727775 /* Giphy */ = {
			isa = PBXGroup;
			children = (
				11BE1E0D25B678AB007CA655 /* Resources */,
				1178DA5E25AABE4F0015DAE6 /* App */,
				1178DA4225A9EEFF0015DAE6 /* DI */,
				1178DA0325A9E2400015DAE6 /* Models */,
				1178DA0225A9E23A0015DAE6 /* Views */,
				1178DB6F25AADA4F0015DAE6 /* Errors */,
				1125D91D25AC449B00D99F45 /* Extensions */,
				11DBEAC725AC4226006215D3 /* Utils */,
				1178DA5D25AABE410015DAE6 /* Networks */,
				11AFDBF725A9D93E00727775 /* LaunchScreen.storyboard */,
				11AFDBFA25A9D93E00727775 /* Info.plist */,
			);
			path = Giphy;
			sourceTree = "<group>";
		};
		11AFDC0225A9D93E00727775 /* GiphyTests */ = {
			isa = PBXGroup;
			children = (
				11BE1E1C25B70714007CA655 /* ViewControllers */,
				11DBEA3225AB2AED006215D3 /* Services */,
				11AFDC0525A9D93E00727775 /* Info.plist */,
			);
			path = GiphyTests;
			sourceTree = "<group>";
		};
		11BE1E0D25B678AB007CA655 /* Resources */ = {
			isa = PBXGroup;
			children = (
				11AFDBF525A9D93E00727775 /* Assets.xcassets */,
				11BE1E0E25B678BB007CA655 /* ColorSets.xcassets */,
			);
			path = Resources;
			sourceTree = "<group>";
		};
		11BE1E1C25B70714007CA655 /* ViewControllers */ = {
			isa = PBXGroup;
			children = (
				11BE1E1D25B7072C007CA655 /* HomeViewControllerSpec.swift */,
			);
			path = ViewControllers;
			sourceTree = "<group>";
		};
		11DBEA3225AB2AED006215D3 /* Services */ = {
			isa = PBXGroup;
			children = (
			);
			path = Services;
			sourceTree = "<group>";
		};
		11DBEAC725AC4226006215D3 /* Utils */ = {
			isa = PBXGroup;
			children = (
				11DBEAC825AC4233006215D3 /* Reusable.swift */,
				11BE1E1625B6797F007CA655 /* RandomColor.swift */,
			);
			path = Utils;
			sourceTree = "<group>";
		};
		11DBEACE25AC42CD006215D3 /* Cells */ = {
			isa = PBXGroup;
			children = (
				11DBEAD925AC4328006215D3 /* GIFItemCell */,
				11DBEAD525AC4306006215D3 /* BaseCollectionViewCell.swift */,
			);
			path = Cells;
			sourceTree = "<group>";
		};
		11DBEAD925AC4328006215D3 /* GIFItemCell */ = {
			isa = PBXGroup;
			children = (
				11DBEACF25AC42EB006215D3 /* GIFItemCell.swift */,
			);
			path = GIFItemCell;
			sourceTree = "<group>";
		};
		11F4DB1325AC86CB0035C7F4 /* Layouts */ = {
			isa = PBXGroup;
			children = (
				11F4DBD625ADD9D40035C7F4 /* WaterfallLayout.swift */,
			);
			path = Layouts;
			sourceTree = "<group>";
		};
		13F5957619F25A8A59E03263 /* Frameworks */ = {
			isa = PBXGroup;
			children = (
				1C1C4AD7FE2CDEE463572596 /* Pods_Giphy.framework */,
				617567797E5BDA63B7A5C43D /* Pods_GiphyTests.framework */,
			);
			name = Frameworks;
			sourceTree = "<group>";
		};
		1F4E8DF3183C16FCD185FAA3 /* Pods */ = {
			isa = PBXGroup;
			children = (
				592B9615C1B5880037222D5B /* Pods-Giphy.debug.xcconfig */,
				73B9B9BAABC577451CC208CB /* Pods-Giphy.release.xcconfig */,
				4F2C9CBA2098E1792CAC2CFC /* Pods-GiphyTests.debug.xcconfig */,
				885ACF9CB9D441F5136E24F7 /* Pods-GiphyTests.release.xcconfig */,
			);
			path = Pods;
			sourceTree = "<group>";
		};
/* End PBXGroup section */

/* Begin PBXNativeTarget section */
		11AFDBE825A9D93C00727775 /* Giphy */ = {
			isa = PBXNativeTarget;
			buildConfigurationList = 11AFDC1325A9D93E00727775 /* Build configuration list for PBXNativeTarget "Giphy" */;
			buildPhases = (
				EC563629E7261B054FBDE669 /* [CP] Check Pods Manifest.lock */,
				11AFDBE525A9D93C00727775 /* Sources */,
				11AFDBE625A9D93C00727775 /* Frameworks */,
				11AFDBE725A9D93C00727775 /* Resources */,
				D99887CAF430E0D4E845A473 /* [CP] Embed Pods Frameworks */,
			);
			buildRules = (
			);
			dependencies = (
			);
			name = Giphy;
			productName = Giphy;
			productReference = 11AFDBE925A9D93C00727775 /* Giphy.app */;
			productType = "com.apple.product-type.application";
		};
		11AFDBFE25A9D93E00727775 /* GiphyTests */ = {
			isa = PBXNativeTarget;
			buildConfigurationList = 11AFDC1625A9D93E00727775 /* Build configuration list for PBXNativeTarget "GiphyTests" */;
			buildPhases = (
				404F9272D82D0F43186B7417 /* [CP] Check Pods Manifest.lock */,
				11AFDBFB25A9D93E00727775 /* Sources */,
				11AFDBFC25A9D93E00727775 /* Frameworks */,
				11AFDBFD25A9D93E00727775 /* Resources */,
				8C7794290022FCC06EBAD1F1 /* [CP] Embed Pods Frameworks */,
			);
			buildRules = (
			);
			dependencies = (
				11AFDC0125A9D93E00727775 /* PBXTargetDependency */,
			);
			name = GiphyTests;
			productName = GiphyTests;
			productReference = 11AFDBFF25A9D93E00727775 /* GiphyTests.xctest */;
			productType = "com.apple.product-type.bundle.unit-test";
		};
/* End PBXNativeTarget section */

/* Begin PBXProject section */
		11AFDBE125A9D93C00727775 /* Project object */ = {
			isa = PBXProject;
			attributes = {
				LastSwiftUpdateCheck = 1220;
				LastUpgradeCheck = 1220;
				TargetAttributes = {
					11AFDBE825A9D93C00727775 = {
						CreatedOnToolsVersion = 12.2;
					};
					11AFDBFE25A9D93E00727775 = {
						CreatedOnToolsVersion = 12.2;
						LastSwiftMigration = 1220;
						TestTargetID = 11AFDBE825A9D93C00727775;
					};
				};
			};
			buildConfigurationList = 11AFDBE425A9D93C00727775 /* Build configuration list for PBXProject "Giphy" */;
			compatibilityVersion = "Xcode 9.3";
			developmentRegion = en;
			hasScannedForEncodings = 0;
			knownRegions = (
				en,
				Base,
			);
			mainGroup = 11AFDBE025A9D93C00727775;
			productRefGroup = 11AFDBEA25A9D93C00727775 /* Products */;
			projectDirPath = "";
			projectRoot = "";
			targets = (
				11AFDBE825A9D93C00727775 /* Giphy */,
				11AFDBFE25A9D93E00727775 /* GiphyTests */,
			);
		};
/* End PBXProject section */

/* Begin PBXResourcesBuildPhase section */
		11AFDBE725A9D93C00727775 /* Resources */ = {
			isa = PBXResourcesBuildPhase;
			buildActionMask = 2147483647;
			files = (
				11BE1E0F25B678BB007CA655 /* ColorSets.xcassets in Resources */,
				11AFDBF925A9D93E00727775 /* LaunchScreen.storyboard in Resources */,
				11AFDBF625A9D93E00727775 /* Assets.xcassets in Resources */,
			);
			runOnlyForDeploymentPostprocessing = 0;
		};
		11AFDBFD25A9D93E00727775 /* Resources */ = {
			isa = PBXResourcesBuildPhase;
			buildActionMask = 2147483647;
			files = (
			);
			runOnlyForDeploymentPostprocessing = 0;
		};
/* End PBXResourcesBuildPhase section */

/* Begin PBXShellScriptBuildPhase section */
		404F9272D82D0F43186B7417 /* [CP] Check Pods Manifest.lock */ = {
			isa = PBXShellScriptBuildPhase;
			buildActionMask = 2147483647;
			files = (
			);
			inputFileListPaths = (
			);
			inputPaths = (
				"${PODS_PODFILE_DIR_PATH}/Podfile.lock",
				"${PODS_ROOT}/Manifest.lock",
			);
			name = "[CP] Check Pods Manifest.lock";
			outputFileListPaths = (
			);
			outputPaths = (
				"$(DERIVED_FILE_DIR)/Pods-GiphyTests-checkManifestLockResult.txt",
			);
			runOnlyForDeploymentPostprocessing = 0;
			shellPath = /bin/sh;
			shellScript = "diff \"${PODS_PODFILE_DIR_PATH}/Podfile.lock\" \"${PODS_ROOT}/Manifest.lock\" > /dev/null\nif [ $? != 0 ] ; then\n    # print error to STDERR\n    echo \"error: The sandbox is not in sync with the Podfile.lock. Run 'pod install' or update your CocoaPods installation.\" >&2\n    exit 1\nfi\n# This output is used by Xcode 'outputs' to avoid re-running this script phase.\necho \"SUCCESS\" > \"${SCRIPT_OUTPUT_FILE_0}\"\n";
			showEnvVarsInLog = 0;
		};
		8C7794290022FCC06EBAD1F1 /* [CP] Embed Pods Frameworks */ = {
			isa = PBXShellScriptBuildPhase;
			buildActionMask = 2147483647;
			files = (
			);
			inputFileListPaths = (
				"${PODS_ROOT}/Target Support Files/Pods-GiphyTests/Pods-GiphyTests-frameworks-${CONFIGURATION}-input-files.xcfilelist",
			);
			name = "[CP] Embed Pods Frameworks";
			outputFileListPaths = (
				"${PODS_ROOT}/Target Support Files/Pods-GiphyTests/Pods-GiphyTests-frameworks-${CONFIGURATION}-output-files.xcfilelist",
			);
			runOnlyForDeploymentPostprocessing = 0;
			shellPath = /bin/sh;
			shellScript = "\"${PODS_ROOT}/Target Support Files/Pods-GiphyTests/Pods-GiphyTests-frameworks.sh\"\n";
			showEnvVarsInLog = 0;
		};
		D99887CAF430E0D4E845A473 /* [CP] Embed Pods Frameworks */ = {
			isa = PBXShellScriptBuildPhase;
			buildActionMask = 2147483647;
			files = (
			);
			inputFileListPaths = (
				"${PODS_ROOT}/Target Support Files/Pods-Giphy/Pods-Giphy-frameworks-${CONFIGURATION}-input-files.xcfilelist",
			);
			name = "[CP] Embed Pods Frameworks";
			outputFileListPaths = (
				"${PODS_ROOT}/Target Support Files/Pods-Giphy/Pods-Giphy-frameworks-${CONFIGURATION}-output-files.xcfilelist",
			);
			runOnlyForDeploymentPostprocessing = 0;
			shellPath = /bin/sh;
			shellScript = "\"${PODS_ROOT}/Target Support Files/Pods-Giphy/Pods-Giphy-frameworks.sh\"\n";
			showEnvVarsInLog = 0;
		};
		EC563629E7261B054FBDE669 /* [CP] Check Pods Manifest.lock */ = {
			isa = PBXShellScriptBuildPhase;
			buildActionMask = 2147483647;
			files = (
			);
			inputFileListPaths = (
			);
			inputPaths = (
				"${PODS_PODFILE_DIR_PATH}/Podfile.lock",
				"${PODS_ROOT}/Manifest.lock",
			);
			name = "[CP] Check Pods Manifest.lock";
			outputFileListPaths = (
			);
			outputPaths = (
				"$(DERIVED_FILE_DIR)/Pods-Giphy-checkManifestLockResult.txt",
			);
			runOnlyForDeploymentPostprocessing = 0;
			shellPath = /bin/sh;
			shellScript = "diff \"${PODS_PODFILE_DIR_PATH}/Podfile.lock\" \"${PODS_ROOT}/Manifest.lock\" > /dev/null\nif [ $? != 0 ] ; then\n    # print error to STDERR\n    echo \"error: The sandbox is not in sync with the Podfile.lock. Run 'pod install' or update your CocoaPods installation.\" >&2\n    exit 1\nfi\n# This output is used by Xcode 'outputs' to avoid re-running this script phase.\necho \"SUCCESS\" > \"${SCRIPT_OUTPUT_FILE_0}\"\n";
			showEnvVarsInLog = 0;
		};
/* End PBXShellScriptBuildPhase section */

/* Begin PBXSourcesBuildPhase section */
		11AFDBE525A9D93C00727775 /* Sources */ = {
			isa = PBXSourcesBuildPhase;
			buildActionMask = 2147483647;
			files = (
				11DBEAD025AC42EB006215D3 /* GIFItemCell.swift in Sources */,
				119BAEBA25B59730005A85C5 /* PlayerView.swift in Sources */,
				1125D92625AC7D3900D99F45 /* GIFListViewSection.swift in Sources */,
				1178DB4B25AAD1240015DAE6 /* ClientError.swift in Sources */,
				1178DB7225AADA7F0015DAE6 /* APIKeyPlugin.swift in Sources */,
				11AFDBF125A9D93C00727775 /* HomeViewController.swift in Sources */,
				11F4DBD725ADD9D40035C7F4 /* WaterfallLayout.swift in Sources */,
				1178DA0C25A9ECF60015DAE6 /* BaseViewController.swift in Sources */,
				11BE1E1725B6797F007CA655 /* RandomColor.swift in Sources */,
				1178DA5425A9F03C0015DAE6 /* DependencyRoot.swift in Sources */,
				11480C3525BB111800DFDACA /* UIView+Image.swift in Sources */,
				1125D91F25AC44B100D99F45 /* UICollectionView+Reusable.swift in Sources */,
				1178DA4E25A9EFBE0015DAE6 /* ViewReactorDependency.swift in Sources */,
				11AFDBED25A9D93C00727775 /* AppDelegate.swift in Sources */,
				119BAEC025B59FB3005A85C5 /* UIScrollView+Rx.swift in Sources */,
				1178DB3F25AACF490015DAE6 /* ResponseBody.swift in Sources */,
				1160AEAD25B860A5000EF0C7 /* DetailViewReactor.swift in Sources */,
				11DBEA8825AC268B006215D3 /* HomeViewReactor.swift in Sources */,
				11DBEAD625AC4306006215D3 /* BaseCollectionViewCell.swift in Sources */,
				11AFDBEF25A9D93C00727775 /* SceneDelegate.swift in Sources */,
				11DBEA3C25AB3C80006215D3 /* GIF.swift in Sources */,
				11DBEAC925AC4233006215D3 /* Reusable.swift in Sources */,
				1160AEB325B865D4000EF0C7 /* UINavigationController+Rx.swift in Sources */,
				1178DA4425A9EF5D0015DAE6 /* ServiceDependency.swift in Sources */,
				1178DB3B25AACE690015DAE6 /* Consts.swift in Sources */,
				1178DB6025AAD8F90015DAE6 /* GIFs.swift in Sources */,
				1178DB2125AACD540015DAE6 /* Networking.swift in Sources */,
				11DBEA3625AB3AC3006215D3 /* GIFsService.swift in Sources */,
				1178DA5A25AABDEF0015DAE6 /* NetworkingDependency.swift in Sources */,
				1160AE8B25B8606A000EF0C7 /* DetailViewController.swift in Sources */,
				11DBEA4825AC2365006215D3 /* List.swift in Sources */,
				11BE1E1325B67941007CA655 /* UIColor+Hex.swift in Sources */,
				1178DB4725AACFE40015DAE6 /* Meta.swift in Sources */,
				11480C2F25BB10A800DFDACA /* UIView+SafeArea.swift in Sources */,
				1178DB5B25AAD7C40015DAE6 /* Server.swift in Sources */,
				119BAEB325B57FFF005A85C5 /* DynamicKey.swift in Sources */,
				1178DB4325AACFA60015DAE6 /* Pagination.swift in Sources */,
				11DBEA4025AB3DF7006215D3 /* User.swift in Sources */,
			);
			runOnlyForDeploymentPostprocessing = 0;
		};
		11AFDBFB25A9D93E00727775 /* Sources */ = {
			isa = PBXSourcesBuildPhase;
			buildActionMask = 2147483647;
			files = (
				11BE1E1E25B7072C007CA655 /* HomeViewControllerSpec.swift in Sources */,
			);
			runOnlyForDeploymentPostprocessing = 0;
		};
/* End PBXSourcesBuildPhase section */

/* Begin PBXTargetDependency section */
		11AFDC0125A9D93E00727775 /* PBXTargetDependency */ = {
			isa = PBXTargetDependency;
			target = 11AFDBE825A9D93C00727775 /* Giphy */;
			targetProxy = 11AFDC0025A9D93E00727775 /* PBXContainerItemProxy */;
		};
/* End PBXTargetDependency section */

/* Begin PBXVariantGroup section */
		11AFDBF725A9D93E00727775 /* LaunchScreen.storyboard */ = {
			isa = PBXVariantGroup;
			children = (
				11AFDBF825A9D93E00727775 /* Base */,
			);
			name = LaunchScreen.storyboard;
			sourceTree = "<group>";
		};
/* End PBXVariantGroup section */

/* Begin XCBuildConfiguration section */
		11AFDC1125A9D93E00727775 /* Debug */ = {
			isa = XCBuildConfiguration;
			buildSettings = {
				ALWAYS_SEARCH_USER_PATHS = NO;
				CLANG_ANALYZER_NONNULL = YES;
				CLANG_ANALYZER_NUMBER_OBJECT_CONVERSION = YES_AGGRESSIVE;
				CLANG_CXX_LANGUAGE_STANDARD = "gnu++14";
				CLANG_CXX_LIBRARY = "libc++";
				CLANG_ENABLE_MODULES = YES;
				CLANG_ENABLE_OBJC_ARC = YES;
				CLANG_ENABLE_OBJC_WEAK = YES;
				CLANG_WARN_BLOCK_CAPTURE_AUTORELEASING = YES;
				CLANG_WARN_BOOL_CONVERSION = YES;
				CLANG_WARN_COMMA = YES;
				CLANG_WARN_CONSTANT_CONVERSION = YES;
				CLANG_WARN_DEPRECATED_OBJC_IMPLEMENTATIONS = YES;
				CLANG_WARN_DIRECT_OBJC_ISA_USAGE = YES_ERROR;
				CLANG_WARN_DOCUMENTATION_COMMENTS = YES;
				CLANG_WARN_EMPTY_BODY = YES;
				CLANG_WARN_ENUM_CONVERSION = YES;
				CLANG_WARN_INFINITE_RECURSION = YES;
				CLANG_WARN_INT_CONVERSION = YES;
				CLANG_WARN_NON_LITERAL_NULL_CONVERSION = YES;
				CLANG_WARN_OBJC_IMPLICIT_RETAIN_SELF = YES;
				CLANG_WARN_OBJC_LITERAL_CONVERSION = YES;
				CLANG_WARN_OBJC_ROOT_CLASS = YES_ERROR;
				CLANG_WARN_QUOTED_INCLUDE_IN_FRAMEWORK_HEADER = YES;
				CLANG_WARN_RANGE_LOOP_ANALYSIS = YES;
				CLANG_WARN_STRICT_PROTOTYPES = YES;
				CLANG_WARN_SUSPICIOUS_MOVE = YES;
				CLANG_WARN_UNGUARDED_AVAILABILITY = YES_AGGRESSIVE;
				CLANG_WARN_UNREACHABLE_CODE = YES;
				CLANG_WARN__DUPLICATE_METHOD_MATCH = YES;
				COPY_PHASE_STRIP = NO;
				DEBUG_INFORMATION_FORMAT = dwarf;
				ENABLE_STRICT_OBJC_MSGSEND = YES;
				ENABLE_TESTABILITY = YES;
				GCC_C_LANGUAGE_STANDARD = gnu11;
				GCC_DYNAMIC_NO_PIC = NO;
				GCC_NO_COMMON_BLOCKS = YES;
				GCC_OPTIMIZATION_LEVEL = 0;
				GCC_PREPROCESSOR_DEFINITIONS = (
					"DEBUG=1",
					"$(inherited)",
				);
				GCC_WARN_64_TO_32_BIT_CONVERSION = YES;
				GCC_WARN_ABOUT_RETURN_TYPE = YES_ERROR;
				GCC_WARN_UNDECLARED_SELECTOR = YES;
				GCC_WARN_UNINITIALIZED_AUTOS = YES_AGGRESSIVE;
				GCC_WARN_UNUSED_FUNCTION = YES;
				GCC_WARN_UNUSED_VARIABLE = YES;
				IPHONEOS_DEPLOYMENT_TARGET = 13.0;
				MTL_ENABLE_DEBUG_INFO = INCLUDE_SOURCE;
				MTL_FAST_MATH = YES;
				ONLY_ACTIVE_ARCH = YES;
				SDKROOT = iphoneos;
				SWIFT_ACTIVE_COMPILATION_CONDITIONS = DEBUG;
				SWIFT_OPTIMIZATION_LEVEL = "-Onone";
			};
			name = Debug;
		};
		11AFDC1225A9D93E00727775 /* Release */ = {
			isa = XCBuildConfiguration;
			buildSettings = {
				ALWAYS_SEARCH_USER_PATHS = NO;
				CLANG_ANALYZER_NONNULL = YES;
				CLANG_ANALYZER_NUMBER_OBJECT_CONVERSION = YES_AGGRESSIVE;
				CLANG_CXX_LANGUAGE_STANDARD = "gnu++14";
				CLANG_CXX_LIBRARY = "libc++";
				CLANG_ENABLE_MODULES = YES;
				CLANG_ENABLE_OBJC_ARC = YES;
				CLANG_ENABLE_OBJC_WEAK = YES;
				CLANG_WARN_BLOCK_CAPTURE_AUTORELEASING = YES;
				CLANG_WARN_BOOL_CONVERSION = YES;
				CLANG_WARN_COMMA = YES;
				CLANG_WARN_CONSTANT_CONVERSION = YES;
				CLANG_WARN_DEPRECATED_OBJC_IMPLEMENTATIONS = YES;
				CLANG_WARN_DIRECT_OBJC_ISA_USAGE = YES_ERROR;
				CLANG_WARN_DOCUMENTATION_COMMENTS = YES;
				CLANG_WARN_EMPTY_BODY = YES;
				CLANG_WARN_ENUM_CONVERSION = YES;
				CLANG_WARN_INFINITE_RECURSION = YES;
				CLANG_WARN_INT_CONVERSION = YES;
				CLANG_WARN_NON_LITERAL_NULL_CONVERSION = YES;
				CLANG_WARN_OBJC_IMPLICIT_RETAIN_SELF = YES;
				CLANG_WARN_OBJC_LITERAL_CONVERSION = YES;
				CLANG_WARN_OBJC_ROOT_CLASS = YES_ERROR;
				CLANG_WARN_QUOTED_INCLUDE_IN_FRAMEWORK_HEADER = YES;
				CLANG_WARN_RANGE_LOOP_ANALYSIS = YES;
				CLANG_WARN_STRICT_PROTOTYPES = YES;
				CLANG_WARN_SUSPICIOUS_MOVE = YES;
				CLANG_WARN_UNGUARDED_AVAILABILITY = YES_AGGRESSIVE;
				CLANG_WARN_UNREACHABLE_CODE = YES;
				CLANG_WARN__DUPLICATE_METHOD_MATCH = YES;
				COPY_PHASE_STRIP = NO;
				DEBUG_INFORMATION_FORMAT = "dwarf-with-dsym";
				ENABLE_NS_ASSERTIONS = NO;
				ENABLE_STRICT_OBJC_MSGSEND = YES;
				GCC_C_LANGUAGE_STANDARD = gnu11;
				GCC_NO_COMMON_BLOCKS = YES;
				GCC_WARN_64_TO_32_BIT_CONVERSION = YES;
				GCC_WARN_ABOUT_RETURN_TYPE = YES_ERROR;
				GCC_WARN_UNDECLARED_SELECTOR = YES;
				GCC_WARN_UNINITIALIZED_AUTOS = YES_AGGRESSIVE;
				GCC_WARN_UNUSED_FUNCTION = YES;
				GCC_WARN_UNUSED_VARIABLE = YES;
				IPHONEOS_DEPLOYMENT_TARGET = 13.0;
				MTL_ENABLE_DEBUG_INFO = NO;
				MTL_FAST_MATH = YES;
				SDKROOT = iphoneos;
				SWIFT_COMPILATION_MODE = wholemodule;
				SWIFT_OPTIMIZATION_LEVEL = "-O";
				VALIDATE_PRODUCT = YES;
			};
			name = Release;
		};
		11AFDC1425A9D93E00727775 /* Debug */ = {
			isa = XCBuildConfiguration;
			baseConfigurationReference = 592B9615C1B5880037222D5B /* Pods-Giphy.debug.xcconfig */;
			buildSettings = {
				ASSETCATALOG_COMPILER_APPICON_NAME = AppIcon;
				ASSETCATALOG_COMPILER_GLOBAL_ACCENT_COLOR_NAME = AccentColor;
				CODE_SIGN_STYLE = Automatic;
				DEVELOPMENT_TEAM = QG5U8557Y9;
				INFOPLIST_FILE = Giphy/Info.plist;
				LD_RUNPATH_SEARCH_PATHS = (
					"$(inherited)",
					"@executable_path/Frameworks",
				);
				PRODUCT_BUNDLE_IDENTIFIER = com.hyunjin.Giphy;
				PRODUCT_NAME = "$(TARGET_NAME)";
				SWIFT_VERSION = 5.0;
				TARGETED_DEVICE_FAMILY = "1,2";
			};
			name = Debug;
		};
		11AFDC1525A9D93E00727775 /* Release */ = {
			isa = XCBuildConfiguration;
			baseConfigurationReference = 73B9B9BAABC577451CC208CB /* Pods-Giphy.release.xcconfig */;
			buildSettings = {
				ASSETCATALOG_COMPILER_APPICON_NAME = AppIcon;
				ASSETCATALOG_COMPILER_GLOBAL_ACCENT_COLOR_NAME = AccentColor;
				CODE_SIGN_STYLE = Automatic;
				DEVELOPMENT_TEAM = QG5U8557Y9;
				INFOPLIST_FILE = Giphy/Info.plist;
				LD_RUNPATH_SEARCH_PATHS = (
					"$(inherited)",
					"@executable_path/Frameworks",
				);
				PRODUCT_BUNDLE_IDENTIFIER = com.hyunjin.Giphy;
				PRODUCT_NAME = "$(TARGET_NAME)";
				SWIFT_VERSION = 5.0;
				TARGETED_DEVICE_FAMILY = "1,2";
			};
			name = Release;
		};
		11AFDC1725A9D93E00727775 /* Debug */ = {
			isa = XCBuildConfiguration;
			baseConfigurationReference = 4F2C9CBA2098E1792CAC2CFC /* Pods-GiphyTests.debug.xcconfig */;
			buildSettings = {
				ALWAYS_EMBED_SWIFT_STANDARD_LIBRARIES = YES;
				BUNDLE_LOADER = "$(TEST_HOST)";
				CLANG_ENABLE_MODULES = YES;
				CODE_SIGN_STYLE = Automatic;
				DEVELOPMENT_TEAM = QG5U8557Y9;
				INFOPLIST_FILE = GiphyTests/Info.plist;
				IPHONEOS_DEPLOYMENT_TARGET = 13.0;
				LD_RUNPATH_SEARCH_PATHS = (
					"$(inherited)",
					"@executable_path/Frameworks",
					"@loader_path/Frameworks",
				);
				PRODUCT_BUNDLE_IDENTIFIER = com.hyunjin.GiphyTests;
				PRODUCT_NAME = "$(TARGET_NAME)";
				SWIFT_OPTIMIZATION_LEVEL = "-Onone";
				SWIFT_VERSION = 5.0;
				TARGETED_DEVICE_FAMILY = "1,2";
				TEST_HOST = "$(BUILT_PRODUCTS_DIR)/Giphy.app/Giphy";
			};
			name = Debug;
		};
		11AFDC1825A9D93E00727775 /* Release */ = {
			isa = XCBuildConfiguration;
			baseConfigurationReference = 885ACF9CB9D441F5136E24F7 /* Pods-GiphyTests.release.xcconfig */;
			buildSettings = {
				ALWAYS_EMBED_SWIFT_STANDARD_LIBRARIES = YES;
				BUNDLE_LOADER = "$(TEST_HOST)";
				CLANG_ENABLE_MODULES = YES;
				CODE_SIGN_STYLE = Automatic;
				DEVELOPMENT_TEAM = QG5U8557Y9;
				INFOPLIST_FILE = GiphyTests/Info.plist;
				IPHONEOS_DEPLOYMENT_TARGET = 13.0;
				LD_RUNPATH_SEARCH_PATHS = (
					"$(inherited)",
					"@executable_path/Frameworks",
					"@loader_path/Frameworks",
				);
				PRODUCT_BUNDLE_IDENTIFIER = com.hyunjin.GiphyTests;
				PRODUCT_NAME = "$(TARGET_NAME)";
				SWIFT_VERSION = 5.0;
				TARGETED_DEVICE_FAMILY = "1,2";
				TEST_HOST = "$(BUILT_PRODUCTS_DIR)/Giphy.app/Giphy";
			};
			name = Release;
		};
/* End XCBuildConfiguration section */

/* Begin XCConfigurationList section */
		11AFDBE425A9D93C00727775 /* Build configuration list for PBXProject "Giphy" */ = {
			isa = XCConfigurationList;
			buildConfigurations = (
				11AFDC1125A9D93E00727775 /* Debug */,
				11AFDC1225A9D93E00727775 /* Release */,
			);
			defaultConfigurationIsVisible = 0;
			defaultConfigurationName = Release;
		};
		11AFDC1325A9D93E00727775 /* Build configuration list for PBXNativeTarget "Giphy" */ = {
			isa = XCConfigurationList;
			buildConfigurations = (
				11AFDC1425A9D93E00727775 /* Debug */,
				11AFDC1525A9D93E00727775 /* Release */,
			);
			defaultConfigurationIsVisible = 0;
			defaultConfigurationName = Release;
		};
		11AFDC1625A9D93E00727775 /* Build configuration list for PBXNativeTarget "GiphyTests" */ = {
			isa = XCConfigurationList;
			buildConfigurations = (
				11AFDC1725A9D93E00727775 /* Debug */,
				11AFDC1825A9D93E00727775 /* Release */,
			);
			defaultConfigurationIsVisible = 0;
			defaultConfigurationName = Release;
		};
/* End XCConfigurationList section */
	};
	rootObject = 11AFDBE125A9D93C00727775 /* Project object */;
}
